
Microsoft Visual Studio Solution File, Format Version 12.00
# Visual Studio 15
VisualStudioVersion = 15.0.27004.2006
MinimumVisualStudioVersion = 10.0.40219.1
Project("{FAE04EC0-301F-11D3-BF4B-00C04F79EFBC}") = "MusicPlayer.WinForms", "MusicPlayer.WinForms\MusicPlayer.WinForms.csproj", "{C07709C4-92A8-48B7-9331-1502F077D6B6}"
EndProject
Project("{FAE04EC0-301F-11D3-BF4B-00C04F79EFBC}") = "MusicPlayer.Models", "MusicPlayer.Models\MusicPlayer.Models.csproj", "{137FB116-5073-4EC8-806E-E08A8819E3BA}"
EndProject
Project("{FAE04EC0-301F-11D3-BF4B-00C04F79EFBC}") = "ConsoleTest", "ConsoleTest\ConsoleTest.csproj", "{377098EB-99AC-4A83-9834-50176F452DAF}"
EndProject
Project("{FAE04EC0-301F-11D3-BF4B-00C04F79EFBC}") = "SqlCeAdoHelper", "SqlCeAdoHelper\SqlCeAdoHelper.csproj", "{BAEC1A8D-0D52-4FA7-ADAC-55155197257F}"
EndProject
Global
	GlobalSection(SolutionConfigurationPlatforms) = preSolution
		Debug|Any CPU = Debug|Any CPU
		Release|Any CPU = Release|Any CPU
	EndGlobalSection
	GlobalSection(ProjectConfigurationPlatforms) = postSolution
		{C07709C4-92A8-48B7-9331-1502F077D6B6}.Debug|Any CPU.ActiveCfg = Debug|Any CPU
		{C07709C4-92A8-48B7-9331-1502F077D6B6}.Debug|Any CPU.Build.0 = Debug|Any CPU
		{C07709C4-92A8-48B7-9331-1502F077D6B6}.Release|Any CPU.ActiveCfg = Release|Any CPU
		{C07709C4-92A8-48B7-9331-1502F077D6B6}.Release|Any CPU.Build.0 = Release|Any CPU
		{137FB116-5073-4EC8-806E-E08A8819E3BA}.Debug|Any CPU.ActiveCfg = Debug|Any CPU
		{137FB116-5073-4EC8-806E-E08A8819E3BA}.Debug|Any CPU.Build.0 = Debug|Any CPU
		{137FB116-5073-4EC8-806E-E08A8819E3BA}.Release|Any CPU.ActiveCfg = Release|Any CPU
		{137FB116-5073-4EC8-806E-E08A8819E3BA}.Release|Any CPU.Build.0 = Release|Any CPU
		{377098EB-99AC-4A83-9834-50176F452DAF}.Debug|Any CPU.ActiveCfg = Debug|Any CPU
		{377098EB-99AC-4A83-9834-50176F452DAF}.Debug|Any CPU.Build.0 = Debug|Any CPU
		{377098EB-99AC-4A83-9834-50176F452DAF}.Release|Any CPU.ActiveCfg = Release|Any CPU
		{377098EB-99AC-4A83-9834-50176F452DAF}.Release|Any CPU.Build.0 = Release|Any CPU
		{BAEC1A8D-0D52-4FA7-ADAC-55155197257F}.Debug|Any CPU.ActiveCfg = Debug|Any CPU
		{BAEC1A8D-0D52-4FA7-ADAC-55155197257F}.Debug|Any CPU.Build.0 = Debug|Any CPU
		{BAEC1A8D-0D52-4FA7-ADAC-55155197257F}.Release|Any CPU.ActiveCfg = Release|Any CPU
		{BAEC1A8D-0D52-4FA7-ADAC-55155197257F}.Release|Any CPU.Build.0 = Release|Any CPU
	EndGlobalSection
	GlobalSection(SolutionProperties) = preSolution
		HideSolutionNode = FALSE
	EndGlobalSection
	GlobalSection(ExtensibilityGlobals) = postSolution
		SolutionGuid = {CBC14651-55A5-4C49-9AE6-4FE921C0D740}
	EndGlobalSection
EndGlobal
